// !$*UTF8*$!
{
	archiveVersion = 1;
	classes = {
	};
	objectVersion = 46;
	objects = {

/* Begin PBXBuildFile section */
		F52CFA1A1A51645400B62E23 /* main.m in Sources */ = {isa = PBXBuildFile; fileRef = F52CFA191A51645400B62E23 /* main.m */; };
		F52CFA1D1A51645400B62E23 /* AppDelegate.m in Sources */ = {isa = PBXBuildFile; fileRef = F52CFA1C1A51645400B62E23 /* AppDelegate.m */; };
		F52CFA201A51645400B62E23 /* ViewController.m in Sources */ = {isa = PBXBuildFile; fileRef = F52CFA1F1A51645400B62E23 /* ViewController.m */; };
		F52CFA231A51645400B62E23 /* Main.storyboard in Resources */ = {isa = PBXBuildFile; fileRef = F52CFA211A51645400B62E23 /* Main.storyboard */; };
		F52CFA251A51645400B62E23 /* Images.xcassets in Resources */ = {isa = PBXBuildFile; fileRef = F52CFA241A51645400B62E23 /* Images.xcassets */; };
		F52CFA281A51645400B62E23 /* LaunchScreen.xib in Resources */ = {isa = PBXBuildFile; fileRef = F52CFA261A51645400B62E23 /* LaunchScreen.xib */; };
		F52CFA341A51645400B62E23 /* ConstraintsDemo1_0Tests.m in Sources */ = {isa = PBXBuildFile; fileRef = F52CFA331A51645400B62E23 /* ConstraintsDemo1_0Tests.m */; };
/* End PBXBuildFile section */

/* Begin PBXContainerItemProxy section */
		F52CFA2E1A51645400B62E23 /* PBXContainerItemProxy */ = {
			isa = PBXContainerItemProxy;
			containerPortal = F52CFA0C1A51645400B62E23 /* Project object */;
			proxyType = 1;
			remoteGlobalIDString = F52CFA131A51645400B62E23;
			remoteInfo = ConstraintsDemo1.0;
		};
/* End PBXContainerItemProxy section */

/* Begin PBXFileReference section */
		F52CFA141A51645400B62E23 /* ConstraintsDemo1.0.app */ = {isa = PBXFileReference; explicitFileType = wrapper.application; includeInIndex = 0; path = ConstraintsDemo1.0.app; sourceTree = BUILT_PRODUCTS_DIR; };
		F52CFA181A51645400B62E23 /* Info.plist */ = {isa = PBXFileReference; lastKnownFileType = text.plist.xml; path = Info.plist; sourceTree = "<group>"; };
		F52CFA191A51645400B62E23 /* main.m */ = {isa = PBXFileReference; lastKnownFileType = sourcecode.c.objc; path = main.m; sourceTree = "<group>"; };
		F52CFA1B1A51645400B62E23 /* AppDelegate.h */ = {isa = PBXFileReference; lastKnownFileType = sourcecode.c.h; path = AppDelegate.h; sourceTree = "<group>"; };
		F52CFA1C1A51645400B62E23 /* AppDelegate.m */ = {isa = PBXFileReference; lastKnownFileType = sourcecode.c.objc; path = AppDelegate.m; sourceTree = "<group>"; };
		F52CFA1E1A51645400B62E23 /* ViewController.h */ = {isa = PBXFileReference; lastKnownFileType = sourcecode.c.h; path = ViewController.h; sourceTree = "<group>"; };
		F52CFA1F1A51645400B62E23 /* ViewController.m */ = {isa = PBXFileReference; lastKnownFileType = sourcecode.c.objc; path = ViewController.m; sourceTree = "<group>"; };
		F52CFA221A51645400B62E23 /* Base */ = {isa = PBXFileReference; lastKnownFileType = file.storyboard; name = Base; path = Base.lproj/Main.storyboard; sourceTree = "<group>"; };
		F52CFA241A51645400B62E23 /* Images.xcassets */ = {isa = PBXFileReference; lastKnownFileType = folder.assetcatalog; path = Images.xcassets; sourceTree = "<group>"; };
		F52CFA271A51645400B62E23 /* Base */ = {isa = PBXFileReference; lastKnownFileType = file.xib; name = Base; path = Base.lproj/LaunchScreen.xib; sourceTree = "<group>"; };
		F52CFA2D1A51645400B62E23 /* ConstraintsDemo1.0Tests.xctest */ = {isa = PBXFileReference; explicitFileType = wrapper.cfbundle; includeInIndex = 0; path = ConstraintsDemo1.0Tests.xctest; sourceTree = BUILT_PRODUCTS_DIR; };
		F52CFA321A51645400B62E23 /* Info.plist */ = {isa = PBXFileReference; lastKnownFileType = text.plist.xml; path = Info.plist; sourceTree = "<group>"; };
		F52CFA331A51645400B62E23 /* ConstraintsDemo1_0Tests.m */ = {isa = PBXFileReference; lastKnownFileType = sourcecode.c.objc; path = ConstraintsDemo1_0Tests.m; sourceTree = "<group>"; };
/* End PBXFileReference section */

/* Begin PBXFrameworksBuildPhase section */
		F52CFA111A51645400B62E23 /* Frameworks */ = {
			isa = PBXFrameworksBuildPhase;
			buildActionMask = 2147483647;
			files = (
			);
			runOnlyForDeploymentPostprocessing = 0;
		};
		F52CFA2A1A51645400B62E23 /* Frameworks */ = {
			isa = PBXFrameworksBuildPhase;
			buildActionMask = 2147483647;
			files = (
			);
			runOnlyForDeploymentPostprocessing = 0;
		};
/* End PBXFrameworksBuildPhase section */

/* Begin PBXGroup section */
		F52CFA0B1A51645400B62E23 = {
			isa = PBXGroup;
			children = (
				F52CFA161A51645400B62E23 /* ConstraintsDemo1.0 */,
				F52CFA301A51645400B62E23 /* ConstraintsDemo1.0Tests */,
				F52CFA151A51645400B62E23 /* Products */,
			);
			sourceTree = "<group>";
		};
		F52CFA151A51645400B62E23 /* Products */ = {
			isa = PBXGroup;
			children = (
				F52CFA141A51645400B62E23 /* ConstraintsDemo1.0.app */,
				F52CFA2D1A51645400B62E23 /* ConstraintsDemo1.0Tests.xctest */,
			);
			name = Products;
			sourceTree = "<group>";
		};
		F52CFA161A51645400B62E23 /* ConstraintsDemo1.0 */ = {
			isa = PBXGroup;
			children = (
				F52CFA1B1A51645400B62E23 /* AppDelegate.h */,
				F52CFA1C1A51645400B62E23 /* AppDelegate.m */,
				F52CFA1E1A51645400B62E23 /* ViewController.h */,
				F52CFA1F1A51645400B62E23 /* ViewController.m */,
				F52CFA211A51645400B62E23 /* Main.storyboard */,
				F52CFA241A51645400B62E23 /* Images.xcassets */,
				F52CFA261A51645400B62E23 /* LaunchScreen.xib */,
				F52CFA171A51645400B62E23 /* Supporting Files */,
			);
			path = ConstraintsDemo1.0;
			sourceTree = "<group>";
		};
		F52CFA171A51645400B62E23 /* Supporting Files */ = {
			isa = PBXGroup;
			children = (
				F52CFA181A51645400B62E23 /* Info.plist */,
				F52CFA191A51645400B62E23 /* main.m */,
			);
			name = "Supporting Files";
			sourceTree = "<group>";
		};
		F52CFA301A51645400B62E23 /* ConstraintsDemo1.0Tests */ = {
			isa = PBXGroup;
			children = (
				F52CFA331A51645400B62E23 /* ConstraintsDemo1_0Tests.m */,
				F52CFA311A51645400B62E23 /* Supporting Files */,
			);
			path = ConstraintsDemo1.0Tests;
			sourceTree = "<group>";
		};
		F52CFA311A51645400B62E23 /* Supporting Files */ = {
			isa = PBXGroup;
			children = (
				F52CFA321A51645400B62E23 /* Info.plist */,
			);
			name = "Supporting Files";
			sourceTree = "<group>";
		};
/* End PBXGroup section */

/* Begin PBXNativeTarget section */
		F52CFA131A51645400B62E23 /* ConstraintsDemo1.0 */ = {
			isa = PBXNativeTarget;
			buildConfigurationList = F52CFA371A51645400B62E23 /* Build configuration list for PBXNativeTarget "ConstraintsDemo1.0" */;
			buildPhases = (
				F52CFA101A51645400B62E23 /* Sources */,
				F52CFA111A51645400B62E23 /* Frameworks */,
				F52CFA121A51645400B62E23 /* Resources */,
			);
			buildRules = (
			);
			dependencies = (
			);
			name = ConstraintsDemo1.0;
			productName = ConstraintsDemo1.0;
			productReference = F52CFA141A51645400B62E23 /* ConstraintsDemo1.0.app */;
			productType = "com.apple.product-type.application";
		};
		F52CFA2C1A51645400B62E23 /* ConstraintsDemo1.0Tests */ = {
			isa = PBXNativeTarget;
			buildConfigurationList = F52CFA3A1A51645400B62E23 /* Build configuration list for PBXNativeTarget "ConstraintsDemo1.0Tests" */;
			buildPhases = (
				F52CFA291A51645400B62E23 /* Sources */,
				F52CFA2A1A51645400B62E23 /* Frameworks */,
				F52CFA2B1A51645400B62E23 /* Resources */,
			);
			buildRules = (
			);
			dependencies = (
				F52CFA2F1A51645400B62E23 /* PBXTargetDependency */,
			);
			name = ConstraintsDemo1.0Tests;
			productName = ConstraintsDemo1.0Tests;
			productReference = F52CFA2D1A51645400B62E23 /* ConstraintsDemo1.0Tests.xctest */;
			productType = "com.apple.product-type.bundle.unit-test";
		};
/* End PBXNativeTarget section */

/* Begin PBXProject section */
		F52CFA0C1A51645400B62E23 /* Project object */ = {
			isa = PBXProject;
			attributes = {
				LastUpgradeCheck = 0610;
				ORGANIZATIONNAME = jhony;
				TargetAttributes = {
					F52CFA131A51645400B62E23 = {
						CreatedOnToolsVersion = 6.1.1;
					};
					F52CFA2C1A51645400B62E23 = {
						CreatedOnToolsVersion = 6.1.1;
						TestTargetID = F52CFA131A51645400B62E23;
					};
				};
			};
			buildConfigurationList = F52CFA0F1A51645400B62E23 /* Build configuration list for PBXProject "ConstraintsDemo1.0" */;
			compatibilityVersion = "Xcode 3.2";
			developmentRegion = English;
			hasScannedForEncodings = 0;
			knownRegions = (
				en,
				Base,
			);
			mainGroup = F52CFA0B1A51645400B62E23;
			productRefGroup = F52CFA151A51645400B62E23 /* Products */;
			projectDirPath = "";
			projectRoot = "";
			targets = (
				F52CFA131A51645400B62E23 /* ConstraintsDemo1.0 */,
				F52CFA2C1A51645400B62E23 /* ConstraintsDemo1.0Tests */,
			);
		};
/* End PBXProject section */

/* Begin PBXResourcesBuildPhase section */
		F52CFA121A51645400B62E23 /* Resources */ = {
			isa = PBXResourcesBuildPhase;
			buildActionMask = 2147483647;
			files = (
				F52CFA231A51645400B62E23 /* Main.storyboard in Resources */,
				F52CFA281A51645400B62E23 /* LaunchScreen.xib in Resources */,
				F52CFA251A51645400B62E23 /* Images.xcassets in Resources */,
			);
			runOnlyForDeploymentPostprocessing = 0;
		};
		F52CFA2B1A51645400B62E23 /* Resources */ = {
			isa = PBXResourcesBuildPhase;
			buildActionMask = 2147483647;
			files = (
			);
			runOnlyForDeploymentPostprocessing = 0;
		};
/* End PBXResourcesBuildPhase section */

/* Begin PBXSourcesBuildPhase section */
		F52CFA101A51645400B62E23 /* Sources */ = {
			isa = PBXSourcesBuildPhase;
			buildActionMask = 2147483647;
			files = (
				F52CFA201A51645400B62E23 /* ViewController.m in Sources */,
				F52CFA1D1A51645400B62E23 /* AppDelegate.m in Sources */,
				F52CFA1A1A51645400B62E23 /* main.m in Sources */,
			);
			runOnlyForDeploymentPostprocessing = 0;
		};
		F52CFA291A51645400B62E23 /* Sources */ = {
			isa = PBXSourcesBuildPhase;
			buildActionMask = 2147483647;
			files = (
				F52CFA341A51645400B62E23 /* ConstraintsDemo1_0Tests.m in Sources */,
			);
			runOnlyForDeploymentPostprocessing = 0;
		};
/* End PBXSourcesBuildPhase section */

/* Begin PBXTargetDependency section */
		F52CFA2F1A51645400B62E23 /* PBXTargetDependency */ = {
			isa = PBXTargetDependency;
			target = F52CFA131A51645400B62E23 /* ConstraintsDemo1.0 */;
			targetProxy = F52CFA2E1A51645400B62E23 /* PBXContainerItemProxy */;
		};
/* End PBXTargetDependency section */

/* Begin PBXVariantGroup section */
		F52CFA211A51645400B62E23 /* Main.storyboard */ = {
			isa = PBXVariantGroup;
			children = (
				F52CFA221A51645400B62E23 /* Base */,
			);
			name = Main.storyboard;
			sourceTree = "<group>";
		};
		F52CFA261A51645400B62E23 /* LaunchScreen.xib */ = {
			isa = PBXVariantGroup;
			children = (
				F52CFA271A51645400B62E23 /* Base */,
			);
			name = LaunchScreen.xib;
			sourceTree = "<group>";
		};
/* End PBXVariantGroup section */

/* Begin XCBuildConfiguration section */
		F52CFA351A51645400B62E23 /* Debug */ = {
			isa = XCBuildConfiguration;
			buildSettings = {
				ALWAYS_SEARCH_USER_PATHS = NO;
				CLANG_CXX_LANGUAGE_STANDARD = "gnu++0x";
				CLANG_CXX_LIBRARY = "libc++";
				CLANG_ENABLE_MODULES = YES;
				CLANG_ENABLE_OBJC_ARC = YES;
				CLANG_WARN_BOOL_CONVERSION = YES;
				CLANG_WARN_CONSTANT_CONVERSION = YES;
				CLANG_WARN_DIRECT_OBJC_ISA_USAGE = YES_ERROR;
				CLANG_WARN_EMPTY_BODY = YES;
				CLANG_WARN_ENUM_CONVERSION = YES;
				CLANG_WARN_INT_CONVERSION = YES;
				CLANG_WARN_OBJC_ROOT_CLASS = YES_ERROR;
				CLANG_WARN_UNREACHABLE_CODE = YES;
				CLANG_WARN__DUPLICATE_METHOD_MATCH = YES;
				"CODE_SIGN_IDENTITY[sdk=iphoneos*]" = "iPhone Developer";
				COPY_PHASE_STRIP = NO;
				ENABLE_STRICT_OBJC_MSGSEND = YES;
				GCC_C_LANGUAGE_STANDARD = gnu99;
				GCC_DYNAMIC_NO_PIC = NO;
				GCC_OPTIMIZATION_LEVEL = 0;
				GCC_PREPROCESSOR_DEFINITIONS = (
					"DEBUG=1",
					"$(inherited)",
				);
				GCC_SYMBOLS_PRIVATE_EXTERN = NO;
				GCC_WARN_64_TO_32_BIT_CONVERSION = YES;
				GCC_WARN_ABOUT_RETURN_TYPE = YES_ERROR;
				GCC_WARN_UNDECLARED_SELECTOR = YES;
				GCC_WARN_UNINITIALIZED_AUTOS = YES_AGGRESSIVE;
				GCC_WARN_UNUSED_FUNCTION = YES;
				GCC_WARN_UNUSED_VARIABLE = YES;
				IPHONEOS_DEPLOYMENT_TARGET = 8.1;
				MTL_ENABLE_DEBUG_INFO = YES;
				ONLY_ACTIVE_ARCH = YES;
				SDKROOT = iphoneos;
			};
			name = Debug;
		};
		F52CFA361A51645400B62E23 /* Release */ = {
			isa = XCBuildConfiguration;
			buildSettings = {
				ALWAYS_SEARCH_USER_PATHS = NO;
				CLANG_CXX_LANGUAGE_STANDARD = "gnu++0x";
				CLANG_CXX_LIBRARY = "libc++";
				CLANG_ENABLE_MODULES = YES;
				CLANG_ENABLE_OBJC_ARC = YES;
				CLANG_WARN_BOOL_CONVERSION = YES;
				CLANG_WARN_CONSTANT_CONVERSION = YES;
				CLANG_WARN_DIRECT_OBJC_ISA_USAGE = YES_ERROR;
				CLANG_WARN_EMPTY_BODY = YES;
				CLANG_WARN_ENUM_CONVERSION = YES;
				CLANG_WARN_INT_CONVERSION = YES;
				CLANG_WARN_OBJC_ROOT_CLASS = YES_ERROR;
				CLANG_WARN_UNREACHABLE_CODE = YES;
				CLANG_WARN__DUPLICATE_METHOD_MATCH = YES;
				"CODE_SIGN_IDENTITY[sdk=iphoneos*]" = "iPhone Developer";
				COPY_PHASE_STRIP = YES;
				ENABLE_NS_ASSERTIONS = NO;
				ENABLE_STRICT_OBJC_MSGSEND = YES;
				GCC_C_LANGUAGE_STANDARD = gnu99;
				GCC_WARN_64_TO_32_BIT_CONVERSION = YES;
				GCC_WARN_ABOUT_RETURN_TYPE = YES_ERROR;
				GCC_WARN_UNDECLARED_SELECTOR = YES;
				GCC_WARN_UNINITIALIZED_AUTOS = YES_AGGRESSIVE;
				GCC_WARN_UNUSED_FUNCTION = YES;
				GCC_WARN_UNUSED_VARIABLE = YES;
				IPHONEOS_DEPLOYMENT_TARGET = 8.1;
				MTL_ENABLE_DEBUG_INFO = NO;
				SDKROOT = iphoneos;
				VALIDATE_PRODUCT = YES;
			};
			name = Release;
		};
		F52CFA381A51645400B62E23 /* Debug */ = {
			isa = XCBuildConfiguration;
			buildSettings = {
				ASSETCATALOG_COMPILER_APPICON_NAME = AppIcon;
				INFOPLIST_FILE = ConstraintsDemo1.0/Info.plist;
				LD_RUNPATH_SEARCH_PATHS = "$(inherited) @executable_path/Frameworks";
				PRODUCT_NAME = "$(TARGET_NAME)";
			};
			name = Debug;
		};
		F52CFA391A51645400B62E23 /* Release */ = {
			isa = XCBuildConfiguration;
			buildSettings = {
				ASSETCATALOG_COMPILER_APPICON_NAME = AppIcon;
				INFOPLIST_FILE = ConstraintsDemo1.0/Info.plist;
				LD_RUNPATH_SEARCH_PATHS = "$(inherited) @executable_path/Frameworks";
				PRODUCT_NAME = "$(TARGET_NAME)";
			};
			name = Release;
		};
		F52CFA3B1A51645400B62E23 /* Debug */ = {
			isa = XCBuildConfiguration;
			buildSettings = {
				BUNDLE_LOADER = "$(TEST_HOST)";
				FRAMEWORK_SEARCH_PATHS = (
					"$(SDKROOT)/Developer/Library/Frameworks",
					"$(inherited)",
				);
				GCC_PREPROCESSOR_DEFINITIONS = (
					"DEBUG=1",
					"$(inherited)",
				);
				INFOPLIST_FILE = ConstraintsDemo1.0Tests/Info.plist;
				LD_RUNPATH_SEARCH_PATHS = "$(inherited) @executable_path/Frameworks @loader_path/Frameworks";
				PRODUCT_NAME = "$(TARGET_NAME)";
				TEST_HOST = "$(BUILT_PRODUCTS_DIR)/ConstraintsDemo1.0.app/ConstraintsDemo1.0";
			};
			name = Debug;
		};
		F52CFA3C1A51645400B62E23 /* Release */ = {
			isa = XCBuildConfiguration;
			buildSettings = {
				BUNDLE_LOADER = "$(TEST_HOST)";
				FRAMEWORK_SEARCH_PATHS = (
					"$(SDKROOT)/Developer/Library/Frameworks",
					"$(inherited)",
				);
				INFOPLIST_FILE = ConstraintsDemo1.0Tests/Info.plist;
				LD_RUNPATH_SEARCH_PATHS = "$(inherited) @executable_path/Frameworks @loader_path/Frameworks";
				PRODUCT_NAME = "$(TARGET_NAME)";
				TEST_HOST = "$(BUILT_PRODUCTS_DIR)/ConstraintsDemo1.0.app/ConstraintsDemo1.0";
			};
			name = Release;
		};
/* End XCBuildConfiguration section */

/* Begin XCConfigurationList section */
		F52CFA0F1A51645400B62E23 /* Build configuration list for PBXProject "ConstraintsDemo1.0" */ = {
			isa = XCConfigurationList;
			buildConfigurations = (
				F52CFA351A51645400B62E23 /* Debug */,
				F52CFA361A51645400B62E23 /* Release */,
			);
			defaultConfigurationIsVisible = 0;
			defaultConfigurationName = Release;
		};
		F52CFA371A51645400B62E23 /* Build configuration list for PBXNativeTarget "ConstraintsDemo1.0" */ = {
			isa = XCConfigurationList;
			buildConfigurations = (
				F52CFA381A51645400B62E23 /* Debug */,
				F52CFA391A51645400B62E23 /* Release */,
			);
			defaultConfigurationIsVisible = 0;
		};
		F52CFA3A1A51645400B62E23 /* Build configuration list for PBXNativeTarget "ConstraintsDemo1.0Tests" */ = {
			isa = XCConfigurationList;
			buildConfigurations = (
				F52CFA3B1A51645400B62E23 /* Debug */,
				F52CFA3C1A51645400B62E23 /* Release */,
			);
			defaultConfigurationIsVisible = 0;
		};
/* End XCConfigurationList section */
	};
	rootObject = F52CFA0C1A51645400B62E23 /* Project object */;
}
